
Microsoft Visual Studio Solution File, Format Version 12.00
# Visual Studio 14
VisualStudioVersion = 14.0.25420.1
MinimumVisualStudioVersion = 10.0.40219.1
Project("{FAE04EC0-301F-11D3-BF4B-00C04F79EFBC}") = "Octane", "Octane\Octane.csproj", "{E7ADC376-F93F-4E19-B908-2DA66ACB8677}"
EndProject
Global
	GlobalSection(SolutionConfigurationPlatforms) = preSolution
		Debug|Any CPU = Debug|Any CPU
		Release|Any CPU = Release|Any CPU
	EndGlobalSection
	GlobalSection(ProjectConfigurationPlatforms) = postSolution
		{E7ADC376-F93F-4E19-B908-2DA66ACB8677}.Debug|Any CPU.ActiveCfg = Debug|Any CPU
		{E7ADC376-F93F-4E19-B908-2DA66ACB8677}.Debug|Any CPU.Build.0 = Debug|Any CPU
		{E7ADC376-F93F-4E19-B908-2DA66ACB8677}.Release|Any CPU.ActiveCfg = Release|Any CPU
		{E7ADC376-F93F-4E19-B908-2DA66ACB8677}.Release|Any CPU.Build.0 = Release|Any CPU
	EndGlobalSection
	GlobalSection(SolutionProperties) = preSolution
		HideSolutionNode = FALSE
	EndGlobalSection
	GlobalSection(ExtensibilityGlobals) = postSolution
		SolutionGuid = {D7E64892-228B-46FF-B0C0-AAC7F80CD77D}
	EndGlobalSection
EndGlobal
